// !$*UTF8*$!
{
	archiveVersion = 1;
	classes = {
	};
	objectVersion = 46;
	objects = {

/* Begin PBXBuildFile section */
		4A946166202AB019008BAA5E /* main.m in Sources */ = {isa = PBXBuildFile; fileRef = 4A946165202AB019008BAA5E /* main.m */; };
		4A946169202AB019008BAA5E /* AppDelegate.m in Sources */ = {isa = PBXBuildFile; fileRef = 4A946168202AB019008BAA5E /* AppDelegate.m */; };
		4A94616F202AB019008BAA5E /* Main.storyboard in Resources */ = {isa = PBXBuildFile; fileRef = 4A94616D202AB019008BAA5E /* Main.storyboard */; };
		4A946171202AB019008BAA5E /* Assets.xcassets in Resources */ = {isa = PBXBuildFile; fileRef = 4A946170202AB019008BAA5E /* Assets.xcassets */; };
		4A946174202AB019008BAA5E /* LaunchScreen.storyboard in Resources */ = {isa = PBXBuildFile; fileRef = 4A946172202AB019008BAA5E /* LaunchScreen.storyboard */; };
		4A946197202AB0CA008BAA5E /* myData.m in Sources */ = {isa = PBXBuildFile; fileRef = 4A946192202AB0CA008BAA5E /* myData.m */; };
		4A946198202AB0CA008BAA5E /* Food_drinkTableViewController.m in Sources */ = {isa = PBXBuildFile; fileRef = 4A946194202AB0CA008BAA5E /* Food_drinkTableViewController.m */; };
		4A94619C202AB100008BAA5E /* Food_drink_hotCell.m in Sources */ = {isa = PBXBuildFile; fileRef = 4A94619B202AB100008BAA5E /* Food_drink_hotCell.m */; };
		4A9461AB202B163C008BAA5E /* AMERICANO NÓNG.jpg in Resources */ = {isa = PBXBuildFile; fileRef = 4A9461A1202B163C008BAA5E /* AMERICANO NÓNG.jpg */; };
		4A9461AC202B163C008BAA5E /* CAPPUCINO NÓNG.jpg in Resources */ = {isa = PBXBuildFile; fileRef = 4A9461A2202B163C008BAA5E /* CAPPUCINO NÓNG.jpg */; };
		4A9461AD202B163C008BAA5E /* CARAMEL MACHIATO NÓNG.jpg in Resources */ = {isa = PBXBuildFile; fileRef = 4A9461A3202B163C008BAA5E /* CARAMEL MACHIATO NÓNG.jpg */; };
		4A9461AE202B163C008BAA5E /* ESPRESSO SỮA NÓNG.jpg in Resources */ = {isa = PBXBuildFile; fileRef = 4A9461A4202B163C008BAA5E /* ESPRESSO SỮA NÓNG.jpg */; };
		4A9461AF202B163C008BAA5E /* LATTE ĐÁ.jpg in Resources */ = {isa = PBXBuildFile; fileRef = 4A9461A5202B163C008BAA5E /* LATTE ĐÁ.jpg */; };
		4A9461B0202B163C008BAA5E /* MATCHA MACCHIATO.jpg in Resources */ = {isa = PBXBuildFile; fileRef = 4A9461A6202B163C008BAA5E /* MATCHA MACCHIATO.jpg */; };
		4A9461B1202B163C008BAA5E /* Chocolate.jpg in Resources */ = {isa = PBXBuildFile; fileRef = 4A9461A7202B163C008BAA5E /* Chocolate.jpg */; };
		4A9461B2202B163C008BAA5E /* MOCHA ĐÁ XAY.jpg in Resources */ = {isa = PBXBuildFile; fileRef = 4A9461A8202B163C008BAA5E /* MOCHA ĐÁ XAY.jpg */; };
		4A9461B3202B163C008BAA5E /* TRÀ MATCHA LATTE ĐÁ.jpg in Resources */ = {isa = PBXBuildFile; fileRef = 4A9461A9202B163C008BAA5E /* TRÀ MATCHA LATTE ĐÁ.jpg */; };
		4A9461B4202B163C008BAA5E /* TRÀ MATCHA LATTE NÓNG.jpg in Resources */ = {isa = PBXBuildFile; fileRef = 4A9461AA202B163C008BAA5E /* TRÀ MATCHA LATTE NÓNG.jpg */; };
		4AE2ECB62030252F0088FD36 /* CellFood.m in Sources */ = {isa = PBXBuildFile; fileRef = 4AE2ECB52030252F0088FD36 /* CellFood.m */; };
		4AE2ECB9203029920088FD36 /* FOOD_ViewController.m in Sources */ = {isa = PBXBuildFile; fileRef = 4AE2ECB8203029920088FD36 /* FOOD_ViewController.m */; };
		4AE2ECBB20302F9B0088FD36 /* pay.png in Resources */ = {isa = PBXBuildFile; fileRef = 4AE2ECBA20302F9B0088FD36 /* pay.png */; };
/* End PBXBuildFile section */

/* Begin PBXFileReference section */
		4A946161202AB019008BAA5E /* Custom TableViewController.app */ = {isa = PBXFileReference; explicitFileType = wrapper.application; includeInIndex = 0; path = "Custom TableViewController.app"; sourceTree = BUILT_PRODUCTS_DIR; };
		4A946165202AB019008BAA5E /* main.m */ = {isa = PBXFileReference; lastKnownFileType = sourcecode.c.objc; path = main.m; sourceTree = "<group>"; };
		4A946167202AB019008BAA5E /* AppDelegate.h */ = {isa = PBXFileReference; lastKnownFileType = sourcecode.c.h; path = AppDelegate.h; sourceTree = "<group>"; };
		4A946168202AB019008BAA5E /* AppDelegate.m */ = {isa = PBXFileReference; lastKnownFileType = sourcecode.c.objc; path = AppDelegate.m; sourceTree = "<group>"; };
		4A94616E202AB019008BAA5E /* Base */ = {isa = PBXFileReference; lastKnownFileType = file.storyboard; name = Base; path = Base.lproj/Main.storyboard; sourceTree = "<group>"; };
		4A946170202AB019008BAA5E /* Assets.xcassets */ = {isa = PBXFileReference; lastKnownFileType = folder.assetcatalog; path = Assets.xcassets; sourceTree = "<group>"; };
		4A946173202AB019008BAA5E /* Base */ = {isa = PBXFileReference; lastKnownFileType = file.storyboard; name = Base; path = Base.lproj/LaunchScreen.storyboard; sourceTree = "<group>"; };
		4A946175202AB019008BAA5E /* Info.plist */ = {isa = PBXFileReference; lastKnownFileType = text.plist.xml; path = Info.plist; sourceTree = "<group>"; };
		4A946191202AB0CA008BAA5E /* myData.h */ = {isa = PBXFileReference; fileEncoding = 4; lastKnownFileType = sourcecode.c.h; path = myData.h; sourceTree = "<group>"; };
		4A946192202AB0CA008BAA5E /* myData.m */ = {isa = PBXFileReference; fileEncoding = 4; lastKnownFileType = sourcecode.c.objc; path = myData.m; sourceTree = "<group>"; };
		4A946193202AB0CA008BAA5E /* Food_drinkTableViewController.h */ = {isa = PBXFileReference; fileEncoding = 4; lastKnownFileType = sourcecode.c.h; path = Food_drinkTableViewController.h; sourceTree = "<group>"; };
		4A946194202AB0CA008BAA5E /* Food_drinkTableViewController.m */ = {isa = PBXFileReference; fileEncoding = 4; lastKnownFileType = sourcecode.c.objc; path = Food_drinkTableViewController.m; sourceTree = "<group>"; };
		4A94619A202AB100008BAA5E /* Food_drink_hotCell.h */ = {isa = PBXFileReference; fileEncoding = 4; lastKnownFileType = sourcecode.c.h; path = Food_drink_hotCell.h; sourceTree = "<group>"; };
		4A94619B202AB100008BAA5E /* Food_drink_hotCell.m */ = {isa = PBXFileReference; fileEncoding = 4; lastKnownFileType = sourcecode.c.objc; path = Food_drink_hotCell.m; sourceTree = "<group>"; };
		4A9461A1202B163C008BAA5E /* AMERICANO NÓNG.jpg */ = {isa = PBXFileReference; lastKnownFileType = image.jpeg; path = "AMERICANO NÓNG.jpg"; sourceTree = "<group>"; };
		4A9461A2202B163C008BAA5E /* CAPPUCINO NÓNG.jpg */ = {isa = PBXFileReference; lastKnownFileType = image.jpeg; path = "CAPPUCINO NÓNG.jpg"; sourceTree = "<group>"; };
		4A9461A3202B163C008BAA5E /* CARAMEL MACHIATO NÓNG.jpg */ = {isa = PBXFileReference; lastKnownFileType = image.jpeg; path = "CARAMEL MACHIATO NÓNG.jpg"; sourceTree = "<group>"; };
		4A9461A4202B163C008BAA5E /* ESPRESSO SỮA NÓNG.jpg */ = {isa = PBXFileReference; lastKnownFileType = image.jpeg; path = "ESPRESSO SỮA NÓNG.jpg"; sourceTree = "<group>"; };
		4A9461A5202B163C008BAA5E /* LATTE ĐÁ.jpg */ = {isa = PBXFileReference; lastKnownFileType = image.jpeg; path = "LATTE ĐÁ.jpg"; sourceTree = "<group>"; };
		4A9461A6202B163C008BAA5E /* MATCHA MACCHIATO.jpg */ = {isa = PBXFileReference; lastKnownFileType = image.jpeg; path = "MATCHA MACCHIATO.jpg"; sourceTree = "<group>"; };
		4A9461A7202B163C008BAA5E /* Chocolate.jpg */ = {isa = PBXFileReference; lastKnownFileType = image.jpeg; path = Chocolate.jpg; sourceTree = "<group>"; };
		4A9461A8202B163C008BAA5E /* MOCHA ĐÁ XAY.jpg */ = {isa = PBXFileReference; lastKnownFileType = image.jpeg; path = "MOCHA ĐÁ XAY.jpg"; sourceTree = "<group>"; };
		4A9461A9202B163C008BAA5E /* TRÀ MATCHA LATTE ĐÁ.jpg */ = {isa = PBXFileReference; lastKnownFileType = image.jpeg; path = "TRÀ MATCHA LATTE ĐÁ.jpg"; sourceTree = "<group>"; };
		4A9461AA202B163C008BAA5E /* TRÀ MATCHA LATTE NÓNG.jpg */ = {isa = PBXFileReference; lastKnownFileType = image.jpeg; path = "TRÀ MATCHA LATTE NÓNG.jpg"; sourceTree = "<group>"; };
		4AE2ECB42030252F0088FD36 /* CellFood.h */ = {isa = PBXFileReference; fileEncoding = 4; lastKnownFileType = sourcecode.c.h; path = CellFood.h; sourceTree = "<group>"; };
		4AE2ECB52030252F0088FD36 /* CellFood.m */ = {isa = PBXFileReference; fileEncoding = 4; lastKnownFileType = sourcecode.c.objc; path = CellFood.m; sourceTree = "<group>"; };
		4AE2ECB7203029920088FD36 /* FOOD_ViewController.h */ = {isa = PBXFileReference; fileEncoding = 4; lastKnownFileType = sourcecode.c.h; path = FOOD_ViewController.h; sourceTree = "<group>"; };
		4AE2ECB8203029920088FD36 /* FOOD_ViewController.m */ = {isa = PBXFileReference; fileEncoding = 4; lastKnownFileType = sourcecode.c.objc; path = FOOD_ViewController.m; sourceTree = "<group>"; };
		4AE2ECBA20302F9B0088FD36 /* pay.png */ = {isa = PBXFileReference; lastKnownFileType = image.png; path = pay.png; sourceTree = "<group>"; };
/* End PBXFileReference section */

/* Begin PBXFrameworksBuildPhase section */
		4A94615E202AB019008BAA5E /* Frameworks */ = {
			isa = PBXFrameworksBuildPhase;
			buildActionMask = 2147483647;
			files = (
			);
			runOnlyForDeploymentPostprocessing = 0;
		};
/* End PBXFrameworksBuildPhase section */

/* Begin PBXGroup section */
		4A946158202AB019008BAA5E = {
			isa = PBXGroup;
			children = (
				4A946163202AB019008BAA5E /* Custom TableViewController */,
				4A946162202AB019008BAA5E /* Products */,
			);
			sourceTree = "<group>";
		};
		4A946162202AB019008BAA5E /* Products */ = {
			isa = PBXGroup;
			children = (
				4A946161202AB019008BAA5E /* Custom TableViewController.app */,
			);
			name = Products;
			sourceTree = "<group>";
		};
		4A946163202AB019008BAA5E /* Custom TableViewController */ = {
			isa = PBXGroup;
			children = (
				4A94619D202AB171008BAA5E /* iCore */,
				4A9461A0202AB1D2008BAA5E /* Model */,
				4A94619F202AB19A008BAA5E /* Home */,
				4AF79929202D648C00E506E2 /* Food */,
				4A94617C202AB087008BAA5E /* img */,
				4A946164202AB019008BAA5E /* Supporting Files */,
			);
			path = "Custom TableViewController";
			sourceTree = "<group>";
		};
		4A946164202AB019008BAA5E /* Supporting Files */ = {
			isa = PBXGroup;
			children = (
				4A94616D202AB019008BAA5E /* Main.storyboard */,
				4A946170202AB019008BAA5E /* Assets.xcassets */,
				4A946172202AB019008BAA5E /* LaunchScreen.storyboard */,
				4A946175202AB019008BAA5E /* Info.plist */,
				4A946165202AB019008BAA5E /* main.m */,
			);
			name = "Supporting Files";
			sourceTree = "<group>";
		};
		4A94617C202AB087008BAA5E /* img */ = {
			isa = PBXGroup;
			children = (
				4AE2ECBA20302F9B0088FD36 /* pay.png */,
				4A9461A1202B163C008BAA5E /* AMERICANO NÓNG.jpg */,
				4A9461A2202B163C008BAA5E /* CAPPUCINO NÓNG.jpg */,
				4A9461A3202B163C008BAA5E /* CARAMEL MACHIATO NÓNG.jpg */,
				4A9461A4202B163C008BAA5E /* ESPRESSO SỮA NÓNG.jpg */,
				4A9461A5202B163C008BAA5E /* LATTE ĐÁ.jpg */,
				4A9461A6202B163C008BAA5E /* MATCHA MACCHIATO.jpg */,
				4A9461A7202B163C008BAA5E /* Chocolate.jpg */,
				4A9461A8202B163C008BAA5E /* MOCHA ĐÁ XAY.jpg */,
				4A9461A9202B163C008BAA5E /* TRÀ MATCHA LATTE ĐÁ.jpg */,
				4A9461AA202B163C008BAA5E /* TRÀ MATCHA LATTE NÓNG.jpg */,
			);
			name = img;
			sourceTree = "<group>";
		};
		4A94619D202AB171008BAA5E /* iCore */ = {
			isa = PBXGroup;
			children = (
				4A946167202AB019008BAA5E /* AppDelegate.h */,
				4A946168202AB019008BAA5E /* AppDelegate.m */,
			);
			name = iCore;
			sourceTree = "<group>";
		};
		4A94619F202AB19A008BAA5E /* Home */ = {
			isa = PBXGroup;
			children = (
				4A946193202AB0CA008BAA5E /* Food_drinkTableViewController.h */,
				4A946194202AB0CA008BAA5E /* Food_drinkTableViewController.m */,
				4A94619A202AB100008BAA5E /* Food_drink_hotCell.h */,
				4A94619B202AB100008BAA5E /* Food_drink_hotCell.m */,
			);
			name = Home;
			sourceTree = "<group>";
		};
		4A9461A0202AB1D2008BAA5E /* Model */ = {
			isa = PBXGroup;
			children = (
				4A946191202AB0CA008BAA5E /* myData.h */,
				4A946192202AB0CA008BAA5E /* myData.m */,
			);
			name = Model;
			sourceTree = "<group>";
		};
		4AF79929202D648C00E506E2 /* Food */ = {
			isa = PBXGroup;
			children = (
				4AE2ECB7203029920088FD36 /* FOOD_ViewController.h */,
				4AE2ECB8203029920088FD36 /* FOOD_ViewController.m */,
				4AE2ECB42030252F0088FD36 /* CellFood.h */,
				4AE2ECB52030252F0088FD36 /* CellFood.m */,
			);
			name = Food;
			sourceTree = "<group>";
		};
/* End PBXGroup section */

/* Begin PBXNativeTarget section */
		4A946160202AB019008BAA5E /* Custom TableViewController */ = {
			isa = PBXNativeTarget;
			buildConfigurationList = 4A946178202AB019008BAA5E /* Build configuration list for PBXNativeTarget "Custom TableViewController" */;
			buildPhases = (
				4A94615D202AB019008BAA5E /* Sources */,
				4A94615E202AB019008BAA5E /* Frameworks */,
				4A94615F202AB019008BAA5E /* Resources */,
			);
			buildRules = (
			);
			dependencies = (
			);
			name = "Custom TableViewController";
			productName = "Custom TableViewController";
			productReference = 4A946161202AB019008BAA5E /* Custom TableViewController.app */;
			productType = "com.apple.product-type.application";
		};
/* End PBXNativeTarget section */

/* Begin PBXProject section */
		4A946159202AB019008BAA5E /* Project object */ = {
			isa = PBXProject;
			attributes = {
				LastUpgradeCheck = 0820;
				ORGANIZATIONNAME = "iDev Bao";
				TargetAttributes = {
					4A946160202AB019008BAA5E = {
						CreatedOnToolsVersion = 8.2.1;
						DevelopmentTeam = 93L9L9RF27;
						ProvisioningStyle = Automatic;
					};
				};
			};
			buildConfigurationList = 4A94615C202AB019008BAA5E /* Build configuration list for PBXProject "Custom TableViewController" */;
			compatibilityVersion = "Xcode 3.2";
			developmentRegion = English;
			hasScannedForEncodings = 0;
			knownRegions = (
				en,
				Base,
			);
			mainGroup = 4A946158202AB019008BAA5E;
			productRefGroup = 4A946162202AB019008BAA5E /* Products */;
			projectDirPath = "";
			projectRoot = "";
			targets = (
				4A946160202AB019008BAA5E /* Custom TableViewController */,
			);
		};
/* End PBXProject section */

/* Begin PBXResourcesBuildPhase section */
		4A94615F202AB019008BAA5E /* Resources */ = {
			isa = PBXResourcesBuildPhase;
			buildActionMask = 2147483647;
			files = (
				4A9461AF202B163C008BAA5E /* LATTE ĐÁ.jpg in Resources */,
				4A9461B0202B163C008BAA5E /* MATCHA MACCHIATO.jpg in Resources */,
				4A9461B2202B163C008BAA5E /* MOCHA ĐÁ XAY.jpg in Resources */,
				4A9461AB202B163C008BAA5E /* AMERICANO NÓNG.jpg in Resources */,
				4AE2ECBB20302F9B0088FD36 /* pay.png in Resources */,
				4A946174202AB019008BAA5E /* LaunchScreen.storyboard in Resources */,
				4A9461B3202B163C008BAA5E /* TRÀ MATCHA LATTE ĐÁ.jpg in Resources */,
				4A9461AC202B163C008BAA5E /* CAPPUCINO NÓNG.jpg in Resources */,
				4A9461B1202B163C008BAA5E /* Chocolate.jpg in Resources */,
				4A9461AD202B163C008BAA5E /* CARAMEL MACHIATO NÓNG.jpg in Resources */,
				4A946171202AB019008BAA5E /* Assets.xcassets in Resources */,
				4A9461AE202B163C008BAA5E /* ESPRESSO SỮA NÓNG.jpg in Resources */,
				4A9461B4202B163C008BAA5E /* TRÀ MATCHA LATTE NÓNG.jpg in Resources */,
				4A94616F202AB019008BAA5E /* Main.storyboard in Resources */,
			);
			runOnlyForDeploymentPostprocessing = 0;
		};
/* End PBXResourcesBuildPhase section */

/* Begin PBXSourcesBuildPhase section */
		4A94615D202AB019008BAA5E /* Sources */ = {
			isa = PBXSourcesBuildPhase;
			buildActionMask = 2147483647;
			files = (
				4A946169202AB019008BAA5E /* AppDelegate.m in Sources */,
				4A946166202AB019008BAA5E /* main.m in Sources */,
				4AE2ECB62030252F0088FD36 /* CellFood.m in Sources */,
				4A946197202AB0CA008BAA5E /* myData.m in Sources */,
				4A946198202AB0CA008BAA5E /* Food_drinkTableViewController.m in Sources */,
				4AE2ECB9203029920088FD36 /* FOOD_ViewController.m in Sources */,
				4A94619C202AB100008BAA5E /* Food_drink_hotCell.m in Sources */,
			);
			runOnlyForDeploymentPostprocessing = 0;
		};
/* End PBXSourcesBuildPhase section */

/* Begin PBXVariantGroup section */
		4A94616D202AB019008BAA5E /* Main.storyboard */ = {
			isa = PBXVariantGroup;
			children = (
				4A94616E202AB019008BAA5E /* Base */,
			);
			name = Main.storyboard;
			sourceTree = "<group>";
		};
		4A946172202AB019008BAA5E /* LaunchScreen.storyboard */ = {
			isa = PBXVariantGroup;
			children = (
				4A946173202AB019008BAA5E /* Base */,
			);
			name = LaunchScreen.storyboard;
			sourceTree = "<group>";
		};
/* End PBXVariantGroup section */

/* Begin XCBuildConfiguration section */
		4A946176202AB019008BAA5E /* Debug */ = {
			isa = XCBuildConfiguration;
			buildSettings = {
				ALWAYS_SEARCH_USER_PATHS = NO;
				CLANG_ANALYZER_NONNULL = YES;
				CLANG_CXX_LANGUAGE_STANDARD = "gnu++0x";
				CLANG_CXX_LIBRARY = "libc++";
				CLANG_ENABLE_MODULES = YES;
				CLANG_ENABLE_OBJC_ARC = YES;
				CLANG_WARN_BOOL_CONVERSION = YES;
				CLANG_WARN_CONSTANT_CONVERSION = YES;
				CLANG_WARN_DIRECT_OBJC_ISA_USAGE = YES_ERROR;
				CLANG_WARN_DOCUMENTATION_COMMENTS = YES;
				CLANG_WARN_EMPTY_BODY = YES;
				CLANG_WARN_ENUM_CONVERSION = YES;
				CLANG_WARN_INFINITE_RECURSION = YES;
				CLANG_WARN_INT_CONVERSION = YES;
				CLANG_WARN_OBJC_ROOT_CLASS = YES_ERROR;
				CLANG_WARN_SUSPICIOUS_MOVE = YES;
				CLANG_WARN_UNREACHABLE_CODE = YES;
				CLANG_WARN__DUPLICATE_METHOD_MATCH = YES;
				"CODE_SIGN_IDENTITY[sdk=iphoneos*]" = "iPhone Developer";
				COPY_PHASE_STRIP = NO;
				DEBUG_INFORMATION_FORMAT = dwarf;
				ENABLE_STRICT_OBJC_MSGSEND = YES;
				ENABLE_TESTABILITY = YES;
				GCC_C_LANGUAGE_STANDARD = gnu99;
				GCC_DYNAMIC_NO_PIC = NO;
				GCC_NO_COMMON_BLOCKS = YES;
				GCC_OPTIMIZATION_LEVEL = 0;
				GCC_PREPROCESSOR_DEFINITIONS = (
					"DEBUG=1",
					"$(inherited)",
				);
				GCC_WARN_64_TO_32_BIT_CONVERSION = YES;
				GCC_WARN_ABOUT_RETURN_TYPE = YES_ERROR;
				GCC_WARN_UNDECLARED_SELECTOR = YES;
				GCC_WARN_UNINITIALIZED_AUTOS = YES_AGGRESSIVE;
				GCC_WARN_UNUSED_FUNCTION = YES;
				GCC_WARN_UNUSED_VARIABLE = YES;
				IPHONEOS_DEPLOYMENT_TARGET = 10.2;
				MTL_ENABLE_DEBUG_INFO = YES;
				ONLY_ACTIVE_ARCH = YES;
				SDKROOT = iphoneos;
			};
			name = Debug;
		};
		4A946177202AB019008BAA5E /* Release */ = {
			isa = XCBuildConfiguration;
			buildSettings = {
				ALWAYS_SEARCH_USER_PATHS = NO;
				CLANG_ANALYZER_NONNULL = YES;
				CLANG_CXX_LANGUAGE_STANDARD = "gnu++0x";
				CLANG_CXX_LIBRARY = "libc++";
				CLANG_ENABLE_MODULES = YES;
				CLANG_ENABLE_OBJC_ARC = YES;
				CLANG_WARN_BOOL_CONVERSION = YES;
				CLANG_WARN_CONSTANT_CONVERSION = YES;
				CLANG_WARN_DIRECT_OBJC_ISA_USAGE = YES_ERROR;
				CLANG_WARN_DOCUMENTATION_COMMENTS = YES;
				CLANG_WARN_EMPTY_BODY = YES;
				CLANG_WARN_ENUM_CONVERSION = YES;
				CLANG_WARN_INFINITE_RECURSION = YES;
				CLANG_WARN_INT_CONVERSION = YES;
				CLANG_WARN_OBJC_ROOT_CLASS = YES_ERROR;
				CLANG_WARN_SUSPICIOUS_MOVE = YES;
				CLANG_WARN_UNREACHABLE_CODE = YES;
				CLANG_WARN__DUPLICATE_METHOD_MATCH = YES;
				"CODE_SIGN_IDENTITY[sdk=iphoneos*]" = "iPhone Developer";
				COPY_PHASE_STRIP = NO;
				DEBUG_INFORMATION_FORMAT = "dwarf-with-dsym";
				ENABLE_NS_ASSERTIONS = NO;
				ENABLE_STRICT_OBJC_MSGSEND = YES;
				GCC_C_LANGUAGE_STANDARD = gnu99;
				GCC_NO_COMMON_BLOCKS = YES;
				GCC_WARN_64_TO_32_BIT_CONVERSION = YES;
				GCC_WARN_ABOUT_RETURN_TYPE = YES_ERROR;
				GCC_WARN_UNDECLARED_SELECTOR = YES;
				GCC_WARN_UNINITIALIZED_AUTOS = YES_AGGRESSIVE;
				GCC_WARN_UNUSED_FUNCTION = YES;
				GCC_WARN_UNUSED_VARIABLE = YES;
				IPHONEOS_DEPLOYMENT_TARGET = 10.2;
				MTL_ENABLE_DEBUG_INFO = NO;
				SDKROOT = iphoneos;
				VALIDATE_PRODUCT = YES;
			};
			name = Release;
		};
		4A946179202AB019008BAA5E /* Debug */ = {
			isa = XCBuildConfiguration;
			buildSettings = {
				ASSETCATALOG_COMPILER_APPICON_NAME = AppIcon;
				DEVELOPMENT_TEAM = 93L9L9RF27;
				INFOPLIST_FILE = "Custom TableViewController/Info.plist";
				IPHONEOS_DEPLOYMENT_TARGET = 9.3;
				LD_RUNPATH_SEARCH_PATHS = "$(inherited) @executable_path/Frameworks";
				PRODUCT_BUNDLE_IDENTIFIER = "com.idevbao.Custom-TableViewController";
				PRODUCT_NAME = "$(TARGET_NAME)";
			};
			name = Debug;
		};
		4A94617A202AB019008BAA5E /* Release */ = {
			isa = XCBuildConfiguration;
			buildSettings = {
				ASSETCATALOG_COMPILER_APPICON_NAME = AppIcon;
				DEVELOPMENT_TEAM = 93L9L9RF27;
				INFOPLIST_FILE = "Custom TableViewController/Info.plist";
				IPHONEOS_DEPLOYMENT_TARGET = 9.3;
				LD_RUNPATH_SEARCH_PATHS = "$(inherited) @executable_path/Frameworks";
				PRODUCT_BUNDLE_IDENTIFIER = "com.idevbao.Custom-TableViewController";
				PRODUCT_NAME = "$(TARGET_NAME)";
			};
			name = Release;
		};
/* End XCBuildConfiguration section */

/* Begin XCConfigurationList section */
		4A94615C202AB019008BAA5E /* Build configuration list for PBXProject "Custom TableViewController" */ = {
			isa = XCConfigurationList;
			buildConfigurations = (
				4A946176202AB019008BAA5E /* Debug */,
				4A946177202AB019008BAA5E /* Release */,
			);
			defaultConfigurationIsVisible = 0;
			defaultConfigurationName = Release;
		};
		4A946178202AB019008BAA5E /* Build configuration list for PBXNativeTarget "Custom TableViewController" */ = {
			isa = XCConfigurationList;
			buildConfigurations = (
				4A946179202AB019008BAA5E /* Debug */,
				4A94617A202AB019008BAA5E /* Release */,
			);
			defaultConfigurationIsVisible = 0;
			defaultConfigurationName = Release;
		};
/* End XCConfigurationList section */
	};
	rootObject = 4A946159202AB019008BAA5E /* Project object */;
}
